// !$*UTF8*$!
{
	archiveVersion = 1;
	classes = {
	};
	objectVersion = 50;
	objects = {

/* Begin PBXBuildFile section */
		704C318122FA269C003916CB /* RoutePoint.swift in Sources */ = {isa = PBXBuildFile; fileRef = 704C318022FA269C003916CB /* RoutePoint.swift */; };
		704C318322FA2B24003916CB /* DatabaseService.swift in Sources */ = {isa = PBXBuildFile; fileRef = 704C318222FA2B24003916CB /* DatabaseService.swift */; };
		7073A507230A019A00FCDF4B /* LocationManager.swift in Sources */ = {isa = PBXBuildFile; fileRef = 7073A506230A019A00FCDF4B /* LocationManager.swift */; };
		707488E222FF6336001AE30B /* User.swift in Sources */ = {isa = PBXBuildFile; fileRef = 707488E122FF6336001AE30B /* User.swift */; };
		707488E422FF652E001AE30B /* Login.storyboard in Resources */ = {isa = PBXBuildFile; fileRef = 707488E322FF652E001AE30B /* Login.storyboard */; };
		707488E722FF6A0A001AE30B /* LoginViewController.swift in Sources */ = {isa = PBXBuildFile; fileRef = 707488E622FF6A0A001AE30B /* LoginViewController.swift */; };
		707488EA22FF7ADC001AE30B /* UIViewController+Ext.swift in Sources */ = {isa = PBXBuildFile; fileRef = 707488E922FF7ADC001AE30B /* UIViewController+Ext.swift */; };
		707488EE22FF8357001AE30B /* BaseCoordinator.swift in Sources */ = {isa = PBXBuildFile; fileRef = 707488ED22FF8357001AE30B /* BaseCoordinator.swift */; };
		707488F022FF88CB001AE30B /* AuthCoordinator.swift in Sources */ = {isa = PBXBuildFile; fileRef = 707488EF22FF88CB001AE30B /* AuthCoordinator.swift */; };
		707488F222FF8C91001AE30B /* ApplicationCoordinator.swift in Sources */ = {isa = PBXBuildFile; fileRef = 707488F122FF8C91001AE30B /* ApplicationCoordinator.swift */; };
		707488F422FF8EC9001AE30B /* MainCoordinator.swift in Sources */ = {isa = PBXBuildFile; fileRef = 707488F322FF8EC9001AE30B /* MainCoordinator.swift */; };
		70A76F0622F7407F00475531 /* AppDelegate.swift in Sources */ = {isa = PBXBuildFile; fileRef = 70A76F0522F7407F00475531 /* AppDelegate.swift */; };
		70A76F0822F7407F00475531 /* MapViewController.swift in Sources */ = {isa = PBXBuildFile; fileRef = 70A76F0722F7407F00475531 /* MapViewController.swift */; };
		70A76F0B22F7407F00475531 /* Main.storyboard in Resources */ = {isa = PBXBuildFile; fileRef = 70A76F0922F7407F00475531 /* Main.storyboard */; };
		70A76F0D22F7408000475531 /* Assets.xcassets in Resources */ = {isa = PBXBuildFile; fileRef = 70A76F0C22F7408000475531 /* Assets.xcassets */; };
		70A76F1022F7408000475531 /* LaunchScreen.storyboard in Resources */ = {isa = PBXBuildFile; fileRef = 70A76F0E22F7408000475531 /* LaunchScreen.storyboard */; };
		F66F696F24FF128B88340DB8 /* Pods_Route_Tracker.framework in Frameworks */ = {isa = PBXBuildFile; fileRef = 3FABB61F482600B8CBCE4CD6 /* Pods_Route_Tracker.framework */; };
/* End PBXBuildFile section */

/* Begin PBXFileReference section */
		3FABB61F482600B8CBCE4CD6 /* Pods_Route_Tracker.framework */ = {isa = PBXFileReference; explicitFileType = wrapper.framework; includeInIndex = 0; path = Pods_Route_Tracker.framework; sourceTree = BUILT_PRODUCTS_DIR; };
		704C318022FA269C003916CB /* RoutePoint.swift */ = {isa = PBXFileReference; lastKnownFileType = sourcecode.swift; path = RoutePoint.swift; sourceTree = "<group>"; };
		704C318222FA2B24003916CB /* DatabaseService.swift */ = {isa = PBXFileReference; lastKnownFileType = sourcecode.swift; path = DatabaseService.swift; sourceTree = "<group>"; };
		7073A506230A019A00FCDF4B /* LocationManager.swift */ = {isa = PBXFileReference; lastKnownFileType = sourcecode.swift; path = LocationManager.swift; sourceTree = "<group>"; };
		707488E122FF6336001AE30B /* User.swift */ = {isa = PBXFileReference; lastKnownFileType = sourcecode.swift; path = User.swift; sourceTree = "<group>"; };
		707488E322FF652E001AE30B /* Login.storyboard */ = {isa = PBXFileReference; lastKnownFileType = file.storyboard; path = Login.storyboard; sourceTree = "<group>"; };
		707488E622FF6A0A001AE30B /* LoginViewController.swift */ = {isa = PBXFileReference; lastKnownFileType = sourcecode.swift; path = LoginViewController.swift; sourceTree = "<group>"; };
		707488E922FF7ADC001AE30B /* UIViewController+Ext.swift */ = {isa = PBXFileReference; lastKnownFileType = sourcecode.swift; path = "UIViewController+Ext.swift"; sourceTree = "<group>"; };
		707488ED22FF8357001AE30B /* BaseCoordinator.swift */ = {isa = PBXFileReference; lastKnownFileType = sourcecode.swift; path = BaseCoordinator.swift; sourceTree = "<group>"; };
		707488EF22FF88CB001AE30B /* AuthCoordinator.swift */ = {isa = PBXFileReference; lastKnownFileType = sourcecode.swift; path = AuthCoordinator.swift; sourceTree = "<group>"; };
		707488F122FF8C91001AE30B /* ApplicationCoordinator.swift */ = {isa = PBXFileReference; lastKnownFileType = sourcecode.swift; path = ApplicationCoordinator.swift; sourceTree = "<group>"; };
		707488F322FF8EC9001AE30B /* MainCoordinator.swift */ = {isa = PBXFileReference; lastKnownFileType = sourcecode.swift; path = MainCoordinator.swift; sourceTree = "<group>"; };
		70A76F0222F7407F00475531 /* Route Tracker.app */ = {isa = PBXFileReference; explicitFileType = wrapper.application; includeInIndex = 0; path = "Route Tracker.app"; sourceTree = BUILT_PRODUCTS_DIR; };
		70A76F0522F7407F00475531 /* AppDelegate.swift */ = {isa = PBXFileReference; lastKnownFileType = sourcecode.swift; path = AppDelegate.swift; sourceTree = "<group>"; };
		70A76F0722F7407F00475531 /* MapViewController.swift */ = {isa = PBXFileReference; lastKnownFileType = sourcecode.swift; path = MapViewController.swift; sourceTree = "<group>"; };
		70A76F0A22F7407F00475531 /* Base */ = {isa = PBXFileReference; lastKnownFileType = file.storyboard; name = Base; path = Base.lproj/Main.storyboard; sourceTree = "<group>"; };
		70A76F0C22F7408000475531 /* Assets.xcassets */ = {isa = PBXFileReference; lastKnownFileType = folder.assetcatalog; path = Assets.xcassets; sourceTree = "<group>"; };
		70A76F0F22F7408000475531 /* Base */ = {isa = PBXFileReference; lastKnownFileType = file.storyboard; name = Base; path = Base.lproj/LaunchScreen.storyboard; sourceTree = "<group>"; };
		70A76F1122F7408000475531 /* Info.plist */ = {isa = PBXFileReference; lastKnownFileType = text.plist.xml; path = Info.plist; sourceTree = "<group>"; };
		91583954B18707CBEFDD9E5E /* Pods-Route Tracker.release.xcconfig */ = {isa = PBXFileReference; includeInIndex = 1; lastKnownFileType = text.xcconfig; name = "Pods-Route Tracker.release.xcconfig"; path = "Pods/Target Support Files/Pods-Route Tracker/Pods-Route Tracker.release.xcconfig"; sourceTree = "<group>"; };
		A979AC81AFAA71B4D1E19AC9 /* Pods-Route Tracker.debug.xcconfig */ = {isa = PBXFileReference; includeInIndex = 1; lastKnownFileType = text.xcconfig; name = "Pods-Route Tracker.debug.xcconfig"; path = "Pods/Target Support Files/Pods-Route Tracker/Pods-Route Tracker.debug.xcconfig"; sourceTree = "<group>"; };
/* End PBXFileReference section */

/* Begin PBXFrameworksBuildPhase section */
		70A76EFF22F7407F00475531 /* Frameworks */ = {
			isa = PBXFrameworksBuildPhase;
			buildActionMask = 2147483647;
			files = (
				F66F696F24FF128B88340DB8 /* Pods_Route_Tracker.framework in Frameworks */,
			);
			runOnlyForDeploymentPostprocessing = 0;
		};
/* End PBXFrameworksBuildPhase section */

/* Begin PBXGroup section */
		704C317E22FA25D7003916CB /* Services */ = {
			isa = PBXGroup;
			children = (
				704C318222FA2B24003916CB /* DatabaseService.swift */,
			);
			path = Services;
			sourceTree = "<group>";
		};
		704C317F22FA25E5003916CB /* Models */ = {
			isa = PBXGroup;
			children = (
				704C318022FA269C003916CB /* RoutePoint.swift */,
				707488E122FF6336001AE30B /* User.swift */,
			);
			path = Models;
			sourceTree = "<group>";
		};
		7073A505230A018000FCDF4B /* Location */ = {
			isa = PBXGroup;
			children = (
				7073A506230A019A00FCDF4B /* LocationManager.swift */,
			);
			path = Location;
			sourceTree = "<group>";
		};
		707488E522FF69A2001AE30B /* ViewControllers */ = {
			isa = PBXGroup;
			children = (
				70A76F0722F7407F00475531 /* MapViewController.swift */,
				707488E622FF6A0A001AE30B /* LoginViewController.swift */,
			);
			path = ViewControllers;
			sourceTree = "<group>";
		};
		707488E822FF7AB9001AE30B /* Helpers */ = {
			isa = PBXGroup;
			children = (
				707488E922FF7ADC001AE30B /* UIViewController+Ext.swift */,
			);
			path = Helpers;
			sourceTree = "<group>";
		};
		707488EC22FF833E001AE30B /* Coordinators */ = {
			isa = PBXGroup;
			children = (
				707488ED22FF8357001AE30B /* BaseCoordinator.swift */,
				707488EF22FF88CB001AE30B /* AuthCoordinator.swift */,
				707488F122FF8C91001AE30B /* ApplicationCoordinator.swift */,
				707488F322FF8EC9001AE30B /* MainCoordinator.swift */,
			);
			path = Coordinators;
			sourceTree = "<group>";
		};
		70A76EF922F7407F00475531 = {
			isa = PBXGroup;
			children = (
				70A76F0422F7407F00475531 /* Route Tracker */,
				70A76F0322F7407F00475531 /* Products */,
				E4AB11B0073D139B433D43D2 /* Pods */,
				CFB908BCD5E594C18103BFCD /* Frameworks */,
			);
			sourceTree = "<group>";
		};
		70A76F0322F7407F00475531 /* Products */ = {
			isa = PBXGroup;
			children = (
				70A76F0222F7407F00475531 /* Route Tracker.app */,
			);
			name = Products;
			sourceTree = "<group>";
		};
		70A76F0422F7407F00475531 /* Route Tracker */ = {
			isa = PBXGroup;
			children = (
				7073A505230A018000FCDF4B /* Location */,
				707488EC22FF833E001AE30B /* Coordinators */,
				707488E822FF7AB9001AE30B /* Helpers */,
				704C317F22FA25E5003916CB /* Models */,
				704C317E22FA25D7003916CB /* Services */,
				707488E522FF69A2001AE30B /* ViewControllers */,
				70A76F0522F7407F00475531 /* AppDelegate.swift */,
				70A76F0922F7407F00475531 /* Main.storyboard */,
				707488E322FF652E001AE30B /* Login.storyboard */,
				70A76F0C22F7408000475531 /* Assets.xcassets */,
				70A76F0E22F7408000475531 /* LaunchScreen.storyboard */,
				70A76F1122F7408000475531 /* Info.plist */,
			);
			path = "Route Tracker";
			sourceTree = "<group>";
		};
		CFB908BCD5E594C18103BFCD /* Frameworks */ = {
			isa = PBXGroup;
			children = (
				3FABB61F482600B8CBCE4CD6 /* Pods_Route_Tracker.framework */,
			);
			name = Frameworks;
			sourceTree = "<group>";
		};
		E4AB11B0073D139B433D43D2 /* Pods */ = {
			isa = PBXGroup;
			children = (
				A979AC81AFAA71B4D1E19AC9 /* Pods-Route Tracker.debug.xcconfig */,
				91583954B18707CBEFDD9E5E /* Pods-Route Tracker.release.xcconfig */,
			);
			name = Pods;
			sourceTree = "<group>";
		};
/* End PBXGroup section */

/* Begin PBXNativeTarget section */
		70A76F0122F7407F00475531 /* Route Tracker */ = {
			isa = PBXNativeTarget;
			buildConfigurationList = 70A76F1422F7408000475531 /* Build configuration list for PBXNativeTarget "Route Tracker" */;
			buildPhases = (
				F84DC44C9B796252962A8E3B /* [CP] Check Pods Manifest.lock */,
				70A76EFE22F7407F00475531 /* Sources */,
				70A76EFF22F7407F00475531 /* Frameworks */,
				70A76F0022F7407F00475531 /* Resources */,
				32514F407F60D135A6787518 /* [CP] Copy Pods Resources */,
				98B2982DE80B79CE624C6E2C /* [CP] Embed Pods Frameworks */,
			);
			buildRules = (
			);
			dependencies = (
			);
			name = "Route Tracker";
			productName = "Route Tracker";
			productReference = 70A76F0222F7407F00475531 /* Route Tracker.app */;
			productType = "com.apple.product-type.application";
		};
/* End PBXNativeTarget section */

/* Begin PBXProject section */
		70A76EFA22F7407F00475531 /* Project object */ = {
			isa = PBXProject;
			attributes = {
				LastSwiftUpdateCheck = 1010;
				LastUpgradeCheck = 1010;
				ORGANIZATIONNAME = "Anastasia Romanova";
				TargetAttributes = {
					70A76F0122F7407F00475531 = {
						CreatedOnToolsVersion = 10.1;
						SystemCapabilities = {
							com.apple.BackgroundModes = {
								enabled = 1;
							};
						};
					};
				};
			};
			buildConfigurationList = 70A76EFD22F7407F00475531 /* Build configuration list for PBXProject "Route Tracker" */;
			compatibilityVersion = "Xcode 9.3";
			developmentRegion = en;
			hasScannedForEncodings = 0;
			knownRegions = (
				en,
				Base,
			);
			mainGroup = 70A76EF922F7407F00475531;
			productRefGroup = 70A76F0322F7407F00475531 /* Products */;
			projectDirPath = "";
			projectRoot = "";
			targets = (
				70A76F0122F7407F00475531 /* Route Tracker */,
			);
		};
/* End PBXProject section */

/* Begin PBXResourcesBuildPhase section */
		70A76F0022F7407F00475531 /* Resources */ = {
			isa = PBXResourcesBuildPhase;
			buildActionMask = 2147483647;
			files = (
				707488E422FF652E001AE30B /* Login.storyboard in Resources */,
				70A76F1022F7408000475531 /* LaunchScreen.storyboard in Resources */,
				70A76F0D22F7408000475531 /* Assets.xcassets in Resources */,
				70A76F0B22F7407F00475531 /* Main.storyboard in Resources */,
			);
			runOnlyForDeploymentPostprocessing = 0;
		};
/* End PBXResourcesBuildPhase section */

/* Begin PBXShellScriptBuildPhase section */
		32514F407F60D135A6787518 /* [CP] Copy Pods Resources */ = {
			isa = PBXShellScriptBuildPhase;
			buildActionMask = 2147483647;
			files = (
			);
			inputFileListPaths = (
			);
			inputPaths = (
				"${SRCROOT}/Pods/Target Support Files/Pods-Route Tracker/Pods-Route Tracker-resources.sh",
				"${PODS_ROOT}/GoogleMaps/Maps/Frameworks/GoogleMaps.framework/Resources/GoogleMaps.bundle",
			);
			name = "[CP] Copy Pods Resources";
			outputFileListPaths = (
			);
			outputPaths = (
				"${TARGET_BUILD_DIR}/${UNLOCALIZED_RESOURCES_FOLDER_PATH}/GoogleMaps.bundle",
			);
			runOnlyForDeploymentPostprocessing = 0;
			shellPath = /bin/sh;
			shellScript = "\"${SRCROOT}/Pods/Target Support Files/Pods-Route Tracker/Pods-Route Tracker-resources.sh\"\n";
			showEnvVarsInLog = 0;
		};
		98B2982DE80B79CE624C6E2C /* [CP] Embed Pods Frameworks */ = {
			isa = PBXShellScriptBuildPhase;
			buildActionMask = 2147483647;
			files = (
			);
			inputFileListPaths = (
			);
			inputPaths = (
				"${SRCROOT}/Pods/Target Support Files/Pods-Route Tracker/Pods-Route Tracker-frameworks.sh",
				"${BUILT_PRODUCTS_DIR}/Realm/Realm.framework",
				"${BUILT_PRODUCTS_DIR}/RealmSwift/RealmSwift.framework",
				"${BUILT_PRODUCTS_DIR}/RxCocoa/RxCocoa.framework",
				"${BUILT_PRODUCTS_DIR}/RxSwift/RxSwift.framework",
			);
			name = "[CP] Embed Pods Frameworks";
			outputFileListPaths = (
			);
			outputPaths = (
				"${TARGET_BUILD_DIR}/${FRAMEWORKS_FOLDER_PATH}/Realm.framework",
				"${TARGET_BUILD_DIR}/${FRAMEWORKS_FOLDER_PATH}/RealmSwift.framework",
				"${TARGET_BUILD_DIR}/${FRAMEWORKS_FOLDER_PATH}/RxCocoa.framework",
				"${TARGET_BUILD_DIR}/${FRAMEWORKS_FOLDER_PATH}/RxSwift.framework",
			);
			runOnlyForDeploymentPostprocessing = 0;
			shellPath = /bin/sh;
			shellScript = "\"${SRCROOT}/Pods/Target Support Files/Pods-Route Tracker/Pods-Route Tracker-frameworks.sh\"\n";
			showEnvVarsInLog = 0;
		};
		F84DC44C9B796252962A8E3B /* [CP] Check Pods Manifest.lock */ = {
			isa = PBXShellScriptBuildPhase;
			buildActionMask = 2147483647;
			files = (
			);
			inputFileListPaths = (
			);
			inputPaths = (
				"${PODS_PODFILE_DIR_PATH}/Podfile.lock",
				"${PODS_ROOT}/Manifest.lock",
			);
			name = "[CP] Check Pods Manifest.lock";
			outputFileListPaths = (
			);
			outputPaths = (
				"$(DERIVED_FILE_DIR)/Pods-Route Tracker-checkManifestLockResult.txt",
			);
			runOnlyForDeploymentPostprocessing = 0;
			shellPath = /bin/sh;
			shellScript = "diff \"${PODS_PODFILE_DIR_PATH}/Podfile.lock\" \"${PODS_ROOT}/Manifest.lock\" > /dev/null\nif [ $? != 0 ] ; then\n    # print error to STDERR\n    echo \"error: The sandbox is not in sync with the Podfile.lock. Run 'pod install' or update your CocoaPods installation.\" >&2\n    exit 1\nfi\n# This output is used by Xcode 'outputs' to avoid re-running this script phase.\necho \"SUCCESS\" > \"${SCRIPT_OUTPUT_FILE_0}\"\n";
			showEnvVarsInLog = 0;
		};
/* End PBXShellScriptBuildPhase section */

/* Begin PBXSourcesBuildPhase section */
		70A76EFE22F7407F00475531 /* Sources */ = {
			isa = PBXSourcesBuildPhase;
			buildActionMask = 2147483647;
			files = (
				707488E722FF6A0A001AE30B /* LoginViewController.swift in Sources */,
				70A76F0822F7407F00475531 /* MapViewController.swift in Sources */,
				707488EA22FF7ADC001AE30B /* UIViewController+Ext.swift in Sources */,
				70A76F0622F7407F00475531 /* AppDelegate.swift in Sources */,
				704C318322FA2B24003916CB /* DatabaseService.swift in Sources */,
				707488F422FF8EC9001AE30B /* MainCoordinator.swift in Sources */,
				707488F222FF8C91001AE30B /* ApplicationCoordinator.swift in Sources */,
				707488E222FF6336001AE30B /* User.swift in Sources */,
				7073A507230A019A00FCDF4B /* LocationManager.swift in Sources */,
				704C318122FA269C003916CB /* RoutePoint.swift in Sources */,
				707488F022FF88CB001AE30B /* AuthCoordinator.swift in Sources */,
				707488EE22FF8357001AE30B /* BaseCoordinator.swift in Sources */,
			);
			runOnlyForDeploymentPostprocessing = 0;
		};
/* End PBXSourcesBuildPhase section */

/* Begin PBXVariantGroup section */
		70A76F0922F7407F00475531 /* Main.storyboard */ = {
			isa = PBXVariantGroup;
			children = (
				70A76F0A22F7407F00475531 /* Base */,
			);
			name = Main.storyboard;
			sourceTree = "<group>";
		};
		70A76F0E22F7408000475531 /* LaunchScreen.storyboard */ = {
			isa = PBXVariantGroup;
			children = (
				70A76F0F22F7408000475531 /* Base */,
			);
			name = LaunchScreen.storyboard;
			sourceTree = "<group>";
		};
/* End PBXVariantGroup section */

/* Begin XCBuildConfiguration section */
		70A76F1222F7408000475531 /* Debug */ = {
			isa = XCBuildConfiguration;
			buildSettings = {
				ALWAYS_SEARCH_USER_PATHS = NO;
				CLANG_ANALYZER_NONNULL = YES;
				CLANG_ANALYZER_NUMBER_OBJECT_CONVERSION = YES_AGGRESSIVE;
				CLANG_CXX_LANGUAGE_STANDARD = "gnu++14";
				CLANG_CXX_LIBRARY = "libc++";
				CLANG_ENABLE_MODULES = YES;
				CLANG_ENABLE_OBJC_ARC = YES;
				CLANG_ENABLE_OBJC_WEAK = YES;
				CLANG_WARN_BLOCK_CAPTURE_AUTORELEASING = YES;
				CLANG_WARN_BOOL_CONVERSION = YES;
				CLANG_WARN_COMMA = YES;
				CLANG_WARN_CONSTANT_CONVERSION = YES;
				CLANG_WARN_DEPRECATED_OBJC_IMPLEMENTATIONS = YES;
				CLANG_WARN_DIRECT_OBJC_ISA_USAGE = YES_ERROR;
				CLANG_WARN_DOCUMENTATION_COMMENTS = YES;
				CLANG_WARN_EMPTY_BODY = YES;
				CLANG_WARN_ENUM_CONVERSION = YES;
				CLANG_WARN_INFINITE_RECURSION = YES;
				CLANG_WARN_INT_CONVERSION = YES;
				CLANG_WARN_NON_LITERAL_NULL_CONVERSION = YES;
				CLANG_WARN_OBJC_IMPLICIT_RETAIN_SELF = YES;
				CLANG_WARN_OBJC_LITERAL_CONVERSION = YES;
				CLANG_WARN_OBJC_ROOT_CLASS = YES_ERROR;
				CLANG_WARN_RANGE_LOOP_ANALYSIS = YES;
				CLANG_WARN_STRICT_PROTOTYPES = YES;
				CLANG_WARN_SUSPICIOUS_MOVE = YES;
				CLANG_WARN_UNGUARDED_AVAILABILITY = YES_AGGRESSIVE;
				CLANG_WARN_UNREACHABLE_CODE = YES;
				CLANG_WARN__DUPLICATE_METHOD_MATCH = YES;
				CODE_SIGN_IDENTITY = "iPhone Developer";
				COPY_PHASE_STRIP = NO;
				DEBUG_INFORMATION_FORMAT = dwarf;
				ENABLE_STRICT_OBJC_MSGSEND = YES;
				ENABLE_TESTABILITY = YES;
				GCC_C_LANGUAGE_STANDARD = gnu11;
				GCC_DYNAMIC_NO_PIC = NO;
				GCC_NO_COMMON_BLOCKS = YES;
				GCC_OPTIMIZATION_LEVEL = 0;
				GCC_PREPROCESSOR_DEFINITIONS = (
					"DEBUG=1",
					"$(inherited)",
				);
				GCC_WARN_64_TO_32_BIT_CONVERSION = YES;
				GCC_WARN_ABOUT_RETURN_TYPE = YES_ERROR;
				GCC_WARN_UNDECLARED_SELECTOR = YES;
				GCC_WARN_UNINITIALIZED_AUTOS = YES_AGGRESSIVE;
				GCC_WARN_UNUSED_FUNCTION = YES;
				GCC_WARN_UNUSED_VARIABLE = YES;
				IPHONEOS_DEPLOYMENT_TARGET = 12.1;
				MTL_ENABLE_DEBUG_INFO = INCLUDE_SOURCE;
				MTL_FAST_MATH = YES;
				ONLY_ACTIVE_ARCH = YES;
				SDKROOT = iphoneos;
				SWIFT_ACTIVE_COMPILATION_CONDITIONS = DEBUG;
				SWIFT_OPTIMIZATION_LEVEL = "-Onone";
			};
			name = Debug;
		};
		70A76F1322F7408000475531 /* Release */ = {
			isa = XCBuildConfiguration;
			buildSettings = {
				ALWAYS_SEARCH_USER_PATHS = NO;
				CLANG_ANALYZER_NONNULL = YES;
				CLANG_ANALYZER_NUMBER_OBJECT_CONVERSION = YES_AGGRESSIVE;
				CLANG_CXX_LANGUAGE_STANDARD = "gnu++14";
				CLANG_CXX_LIBRARY = "libc++";
				CLANG_ENABLE_MODULES = YES;
				CLANG_ENABLE_OBJC_ARC = YES;
				CLANG_ENABLE_OBJC_WEAK = YES;
				CLANG_WARN_BLOCK_CAPTURE_AUTORELEASING = YES;
				CLANG_WARN_BOOL_CONVERSION = YES;
				CLANG_WARN_COMMA = YES;
				CLANG_WARN_CONSTANT_CONVERSION = YES;
				CLANG_WARN_DEPRECATED_OBJC_IMPLEMENTATIONS = YES;
				CLANG_WARN_DIRECT_OBJC_ISA_USAGE = YES_ERROR;
				CLANG_WARN_DOCUMENTATION_COMMENTS = YES;
				CLANG_WARN_EMPTY_BODY = YES;
				CLANG_WARN_ENUM_CONVERSION = YES;
				CLANG_WARN_INFINITE_RECURSION = YES;
				CLANG_WARN_INT_CONVERSION = YES;
				CLANG_WARN_NON_LITERAL_NULL_CONVERSION = YES;
				CLANG_WARN_OBJC_IMPLICIT_RETAIN_SELF = YES;
				CLANG_WARN_OBJC_LITERAL_CONVERSION = YES;
				CLANG_WARN_OBJC_ROOT_CLASS = YES_ERROR;
				CLANG_WARN_RANGE_LOOP_ANALYSIS = YES;
				CLANG_WARN_STRICT_PROTOTYPES = YES;
				CLANG_WARN_SUSPICIOUS_MOVE = YES;
				CLANG_WARN_UNGUARDED_AVAILABILITY = YES_AGGRESSIVE;
				CLANG_WARN_UNREACHABLE_CODE = YES;
				CLANG_WARN__DUPLICATE_METHOD_MATCH = YES;
				CODE_SIGN_IDENTITY = "iPhone Developer";
				COPY_PHASE_STRIP = NO;
				DEBUG_INFORMATION_FORMAT = "dwarf-with-dsym";
				ENABLE_NS_ASSERTIONS = NO;
				ENABLE_STRICT_OBJC_MSGSEND = YES;
				GCC_C_LANGUAGE_STANDARD = gnu11;
				GCC_NO_COMMON_BLOCKS = YES;
				GCC_WARN_64_TO_32_BIT_CONVERSION = YES;
				GCC_WARN_ABOUT_RETURN_TYPE = YES_ERROR;
				GCC_WARN_UNDECLARED_SELECTOR = YES;
				GCC_WARN_UNINITIALIZED_AUTOS = YES_AGGRESSIVE;
				GCC_WARN_UNUSED_FUNCTION = YES;
				GCC_WARN_UNUSED_VARIABLE = YES;
				IPHONEOS_DEPLOYMENT_TARGET = 12.1;
				MTL_ENABLE_DEBUG_INFO = NO;
				MTL_FAST_MATH = YES;
				SDKROOT = iphoneos;
				SWIFT_COMPILATION_MODE = wholemodule;
				SWIFT_OPTIMIZATION_LEVEL = "-O";
				VALIDATE_PRODUCT = YES;
			};
			name = Release;
		};
		70A76F1522F7408000475531 /* Debug */ = {
			isa = XCBuildConfiguration;
			baseConfigurationReference = A979AC81AFAA71B4D1E19AC9 /* Pods-Route Tracker.debug.xcconfig */;
			buildSettings = {
				ASSETCATALOG_COMPILER_APPICON_NAME = AppIcon;
				CODE_SIGN_STYLE = Automatic;
				DEVELOPMENT_TEAM = 73BDKJQMBT;
				INFOPLIST_FILE = "Route Tracker/Info.plist";
				LD_RUNPATH_SEARCH_PATHS = (
					"$(inherited)",
					"@executable_path/Frameworks",
				);
				PRODUCT_BUNDLE_IDENTIFIER = "mine.Route-Tracker";
				PRODUCT_NAME = "$(TARGET_NAME)";
				SWIFT_VERSION = 4.2;
				TARGETED_DEVICE_FAMILY = "1,2";
			};
			name = Debug;
		};
		70A76F1622F7408000475531 /* Release */ = {
			isa = XCBuildConfiguration;
			baseConfigurationReference = 91583954B18707CBEFDD9E5E /* Pods-Route Tracker.release.xcconfig */;
			buildSettings = {
				ASSETCATALOG_COMPILER_APPICON_NAME = AppIcon;
				CODE_SIGN_STYLE = Automatic;
				DEVELOPMENT_TEAM = 73BDKJQMBT;
				INFOPLIST_FILE = "Route Tracker/Info.plist";
				LD_RUNPATH_SEARCH_PATHS = (
					"$(inherited)",
					"@executable_path/Frameworks",
				);
				PRODUCT_BUNDLE_IDENTIFIER = "mine.Route-Tracker";
				PRODUCT_NAME = "$(TARGET_NAME)";
				SWIFT_VERSION = 4.2;
				TARGETED_DEVICE_FAMILY = "1,2";
			};
			name = Release;
		};
/* End XCBuildConfiguration section */

/* Begin XCConfigurationList section */
		70A76EFD22F7407F00475531 /* Build configuration list for PBXProject "Route Tracker" */ = {
			isa = XCConfigurationList;
			buildConfigurations = (
				70A76F1222F7408000475531 /* Debug */,
				70A76F1322F7408000475531 /* Release */,
			);
			defaultConfigurationIsVisible = 0;
			defaultConfigurationName = Release;
		};
		70A76F1422F7408000475531 /* Build configuration list for PBXNativeTarget "Route Tracker" */ = {
			isa = XCConfigurationList;
			buildConfigurations = (
				70A76F1522F7408000475531 /* Debug */,
				70A76F1622F7408000475531 /* Release */,
			);
			defaultConfigurationIsVisible = 0;
			defaultConfigurationName = Release;
		};
/* End XCConfigurationList section */
	};
	rootObject = 70A76EFA22F7407F00475531 /* Project object */;
}
